// !$*UTF8*$!
{
	archiveVersion = 1;
	classes = {
	};
	objectVersion = 56;
	objects = {

/* Begin PBXBuildFile section */
		5E02A7382EE4D35600F527FB /* FirebaseStorage in Frameworks */ = {isa = PBXBuildFile; productRef = 5E02A7372EE4D35600F527FB /* FirebaseStorage */; };
		5E0B34B82F31580B001F7169 /* WebRTC in Frameworks */ = {isa = PBXBuildFile; productRef = 5E0B34B72F31580B001F7169 /* WebRTC */; };
		5E0B34BA2F316590001F7169 /* AppNavigationContainer.swift in Sources */ = {isa = PBXBuildFile; fileRef = 5E0B34B92F316589001F7169 /* AppNavigationContainer.swift */; };
		5E0B34BC2F319DED001F7169 /* DeviceIdentity.swift in Sources */ = {isa = PBXBuildFile; fileRef = 5E0B34BB2F319DE8001F7169 /* DeviceIdentity.swift */; };
		5E129B0B2F21AC4400509148 /* HomeTab.swift in Sources */ = {isa = PBXBuildFile; fileRef = 5E129B0A2F21AC3A00509148 /* HomeTab.swift */; };
		5E129B0D2F21ACA100509148 /* AppUI.swift in Sources */ = {isa = PBXBuildFile; fileRef = 5E129B0C2F21AC9D00509148 /* AppUI.swift */; };
		5E129B0F2F21AEE800509148 /* TasksTab.swift in Sources */ = {isa = PBXBuildFile; fileRef = 5E129B0E2F21AEDF00509148 /* TasksTab.swift */; };
		5E129B112F21AFD600509148 /* DevicesView.swift in Sources */ = {isa = PBXBuildFile; fileRef = 5E129B102F21AFCB00509148 /* DevicesView.swift */; };
		5E129B132F21AFE800509148 /* MeTab.swift in Sources */ = {isa = PBXBuildFile; fileRef = 5E129B122F21AFE100509148 /* MeTab.swift */; };
		5E129B152F21B07E00509148 /* MoreTab.swift in Sources */ = {isa = PBXBuildFile; fileRef = 5E129B142F21B07900509148 /* MoreTab.swift */; };
		5E129B192F21BBEB00509148 /* NotificationService.swift in Sources */ = {isa = PBXBuildFile; fileRef = 5E129B182F21BBDC00509148 /* NotificationService.swift */; };
		5E129B1B2F21BC4900509148 /* TaskDetailView.swift in Sources */ = {isa = PBXBuildFile; fileRef = 5E129B1A2F21BC4200509148 /* TaskDetailView.swift */; };
		5E212F3E2EC14EDF00EF5D90 /* GoogleService-Info.plist in Resources */ = {isa = PBXBuildFile; fileRef = 5E212F3D2EC14EDF00EF5D90 /* GoogleService-Info.plist */; };
		5E3552BD2F2FAB9B005FD8BC /* loadingLogo 2.json in Resources */ = {isa = PBXBuildFile; fileRef = 5E3552BC2F2FAB9B005FD8BC /* loadingLogo 2.json */; };
		5E3552C12F2FC2AF005FD8BC /* logo.png in Resources */ = {isa = PBXBuildFile; fileRef = 5E3552C02F2FC2AF005FD8BC /* logo.png */; };
		5E50DFA52F351B9600577C6A /* Logger.swift in Sources */ = {isa = PBXBuildFile; fileRef = 5E50DFA42F351B9300577C6A /* Logger.swift */; };
		5E6250702F298A5D0070C94B /* LevelTask.swift in Sources */ = {isa = PBXBuildFile; fileRef = 5E62506F2F298A560070C94B /* LevelTask.swift */; };
		5E6250722F29A3270070C94B /* LightChangeTask.swift in Sources */ = {isa = PBXBuildFile; fileRef = 5E6250712F29A31B0070C94B /* LightChangeTask.swift */; };
		5E63FEC42F2E655E003DAEF8 /* CameraTask.swift in Sources */ = {isa = PBXBuildFile; fileRef = 5E63FEC32F2E6559003DAEF8 /* CameraTask.swift */; };
		5E63FECB2F2E819C003DAEF8 /* LottieLoaderView.swift in Sources */ = {isa = PBXBuildFile; fileRef = 5E63FECA2F2E8196003DAEF8 /* LottieLoaderView.swift */; };
		5E63FECD2F2E8257003DAEF8 /* Lottie in Frameworks */ = {isa = PBXBuildFile; productRef = 5E63FECC2F2E8257003DAEF8 /* Lottie */; };
		5E9409242F340F430080F47A /* CompactNavigationLink.swift in Sources */ = {isa = PBXBuildFile; fileRef = 5E9409232F340F360080F47A /* CompactNavigationLink.swift */; };
		5EB35EFD2F2420630002AC93 /* VibeTask.swift in Sources */ = {isa = PBXBuildFile; fileRef = 5EB35EFC2F24205E0002AC93 /* VibeTask.swift */; };
		5EB35EFF2F2420CD0002AC93 /* PowerTask.swift in Sources */ = {isa = PBXBuildFile; fileRef = 5EB35EFE2F2420C70002AC93 /* PowerTask.swift */; };
		5EB35F012F2429040002AC93 /* FirebaseFunctions in Frameworks */ = {isa = PBXBuildFile; productRef = 5EB35F002F2429040002AC93 /* FirebaseFunctions */; };
		5EDEA5B92F37B8EB003A8888 /* RateUs.swift in Sources */ = {isa = PBXBuildFile; fileRef = 5EDEA5B82F37B8E6003A8888 /* RateUs.swift */; };
		5EDEA5BB2F37C7B6003A8888 /* CameraTask2.swift in Sources */ = {isa = PBXBuildFile; fileRef = 5EDEA5BA2F37C7AC003A8888 /* CameraTask2.swift */; };
		5EE514282F1F32EE00BC8C80 /* SoundTask.swift in Sources */ = {isa = PBXBuildFile; fileRef = 5EE514262F1F32EE00BC8C80 /* SoundTask.swift */; };
		FA645DAC2E3055F30090956D /* Mail_Box_NotiferApp.swift in Sources */ = {isa = PBXBuildFile; fileRef = FA645DAB2E3055F30090956D /* Mail_Box_NotiferApp.swift */; };
		FA645DAE2E3055F30090956D /* ContentView.swift in Sources */ = {isa = PBXBuildFile; fileRef = FA645DAD2E3055F30090956D /* ContentView.swift */; };
		FA645DB02E3055F50090956D /* Assets.xcassets in Resources */ = {isa = PBXBuildFile; fileRef = FA645DAF2E3055F50090956D /* Assets.xcassets */; };
		FA645DB32E3055F50090956D /* Preview Assets.xcassets in Resources */ = {isa = PBXBuildFile; fileRef = FA645DB22E3055F50090956D /* Preview Assets.xcassets */; };
		FA645DBD2E3055F50090956D /* Mail_Box_NotiferTests.swift in Sources */ = {isa = PBXBuildFile; fileRef = FA645DBC2E3055F50090956D /* Mail_Box_NotiferTests.swift */; };
		FA645DC72E3055F60090956D /* Mail_Box_NotiferUITests.swift in Sources */ = {isa = PBXBuildFile; fileRef = FA645DC62E3055F60090956D /* Mail_Box_NotiferUITests.swift */; };
		FA645DC92E3055F60090956D /* Mail_Box_NotiferUITestsLaunchTests.swift in Sources */ = {isa = PBXBuildFile; fileRef = FA645DC82E3055F60090956D /* Mail_Box_NotiferUITestsLaunchTests.swift */; };
		FA645DD72E3057E30090956D /* FirebaseAuth in Frameworks */ = {isa = PBXBuildFile; productRef = FA645DD62E3057E30090956D /* FirebaseAuth */; };
		FA645DD92E3057E30090956D /* FirebaseFirestore in Frameworks */ = {isa = PBXBuildFile; productRef = FA645DD82E3057E30090956D /* FirebaseFirestore */; };
		FA645DDB2E3057E30090956D /* FirebaseMessaging in Frameworks */ = {isa = PBXBuildFile; productRef = FA645DDA2E3057E30090956D /* FirebaseMessaging */; };
		FACC462F2E3076A4005A3704 /* AppDelegate.swift in Sources */ = {isa = PBXBuildFile; fileRef = FACC462E2E3076A3005A3704 /* AppDelegate.swift */; };
/* End PBXBuildFile section */

/* Begin PBXContainerItemProxy section */
		FA645DB92E3055F50090956D /* PBXContainerItemProxy */ = {
			isa = PBXContainerItemProxy;
			containerPortal = FA645DA02E3055F30090956D /* Project object */;
			proxyType = 1;
			remoteGlobalIDString = FA645DA72E3055F30090956D;
			remoteInfo = "Mail Box Notifer";
		};
		FA645DC32E3055F60090956D /* PBXContainerItemProxy */ = {
			isa = PBXContainerItemProxy;
			containerPortal = FA645DA02E3055F30090956D /* Project object */;
			proxyType = 1;
			remoteGlobalIDString = FA645DA72E3055F30090956D;
			remoteInfo = "Mail Box Notifer";
		};
/* End PBXContainerItemProxy section */

/* Begin PBXCopyFilesBuildPhase section */
		5E63FED12F2E8257003DAEF8 /* Embed Frameworks */ = {
			isa = PBXCopyFilesBuildPhase;
			buildActionMask = 2147483647;
			dstPath = "";
			dstSubfolderSpec = 10;
			files = (
			);
			name = "Embed Frameworks";
			runOnlyForDeploymentPostprocessing = 0;
		};
/* End PBXCopyFilesBuildPhase section */

/* Begin PBXFileReference section */
		5E0B34B92F316589001F7169 /* AppNavigationContainer.swift */ = {isa = PBXFileReference; lastKnownFileType = sourcecode.swift; path = AppNavigationContainer.swift; sourceTree = "<group>"; };
		5E0B34BB2F319DE8001F7169 /* DeviceIdentity.swift */ = {isa = PBXFileReference; lastKnownFileType = sourcecode.swift; path = DeviceIdentity.swift; sourceTree = "<group>"; };
		5E129B0A2F21AC3A00509148 /* HomeTab.swift */ = {isa = PBXFileReference; lastKnownFileType = sourcecode.swift; path = HomeTab.swift; sourceTree = "<group>"; };
		5E129B0C2F21AC9D00509148 /* AppUI.swift */ = {isa = PBXFileReference; lastKnownFileType = sourcecode.swift; path = AppUI.swift; sourceTree = "<group>"; };
		5E129B0E2F21AEDF00509148 /* TasksTab.swift */ = {isa = PBXFileReference; lastKnownFileType = sourcecode.swift; path = TasksTab.swift; sourceTree = "<group>"; };
		5E129B102F21AFCB00509148 /* DevicesView.swift */ = {isa = PBXFileReference; lastKnownFileType = sourcecode.swift; path = DevicesView.swift; sourceTree = "<group>"; };
		5E129B122F21AFE100509148 /* MeTab.swift */ = {isa = PBXFileReference; lastKnownFileType = sourcecode.swift; path = MeTab.swift; sourceTree = "<group>"; };
		5E129B142F21B07900509148 /* MoreTab.swift */ = {isa = PBXFileReference; lastKnownFileType = sourcecode.swift; path = MoreTab.swift; sourceTree = "<group>"; };
		5E129B182F21BBDC00509148 /* NotificationService.swift */ = {isa = PBXFileReference; lastKnownFileType = sourcecode.swift; path = NotificationService.swift; sourceTree = "<group>"; };
		5E129B1A2F21BC4200509148 /* TaskDetailView.swift */ = {isa = PBXFileReference; lastKnownFileType = sourcecode.swift; path = TaskDetailView.swift; sourceTree = "<group>"; };
		5E212F3D2EC14EDF00EF5D90 /* GoogleService-Info.plist */ = {isa = PBXFileReference; lastKnownFileType = text.plist.xml; path = "GoogleService-Info.plist"; sourceTree = "<group>"; };
		5E3552BC2F2FAB9B005FD8BC /* loadingLogo 2.json */ = {isa = PBXFileReference; lastKnownFileType = text.json; path = "loadingLogo 2.json"; sourceTree = "<group>"; };
		5E3552C02F2FC2AF005FD8BC /* logo.png */ = {isa = PBXFileReference; lastKnownFileType = image.png; path = logo.png; sourceTree = "<group>"; };
		5E50DFA42F351B9300577C6A /* Logger.swift */ = {isa = PBXFileReference; lastKnownFileType = sourcecode.swift; path = Logger.swift; sourceTree = "<group>"; };
		5E62506F2F298A560070C94B /* LevelTask.swift */ = {isa = PBXFileReference; lastKnownFileType = sourcecode.swift; path = LevelTask.swift; sourceTree = "<group>"; };
		5E6250712F29A31B0070C94B /* LightChangeTask.swift */ = {isa = PBXFileReference; lastKnownFileType = sourcecode.swift; path = LightChangeTask.swift; sourceTree = "<group>"; };
		5E63FEC32F2E6559003DAEF8 /* CameraTask.swift */ = {isa = PBXFileReference; lastKnownFileType = sourcecode.swift; path = CameraTask.swift; sourceTree = "<group>"; };
		5E63FECA2F2E8196003DAEF8 /* LottieLoaderView.swift */ = {isa = PBXFileReference; lastKnownFileType = sourcecode.swift; path = LottieLoaderView.swift; sourceTree = "<group>"; };
		5E9409232F340F360080F47A /* CompactNavigationLink.swift */ = {isa = PBXFileReference; lastKnownFileType = sourcecode.swift; path = CompactNavigationLink.swift; sourceTree = "<group>"; };
		5EB35EFC2F24205E0002AC93 /* VibeTask.swift */ = {isa = PBXFileReference; lastKnownFileType = sourcecode.swift; path = VibeTask.swift; sourceTree = "<group>"; };
		5EB35EFE2F2420C70002AC93 /* PowerTask.swift */ = {isa = PBXFileReference; lastKnownFileType = sourcecode.swift; path = PowerTask.swift; sourceTree = "<group>"; };
		5EDEA5B82F37B8E6003A8888 /* RateUs.swift */ = {isa = PBXFileReference; lastKnownFileType = sourcecode.swift; path = RateUs.swift; sourceTree = "<group>"; };
		5EDEA5BA2F37C7AC003A8888 /* CameraTask2.swift */ = {isa = PBXFileReference; lastKnownFileType = sourcecode.swift; path = CameraTask2.swift; sourceTree = "<group>"; };
		5EE514262F1F32EE00BC8C80 /* SoundTask.swift */ = {isa = PBXFileReference; lastKnownFileType = sourcecode.swift; path = SoundTask.swift; sourceTree = "<group>"; };
		FA40CD192E306B1700A9E809 /* Mail Box Notifer.entitlements */ = {isa = PBXFileReference; lastKnownFileType = text.plist.entitlements; path = "Mail Box Notifer.entitlements"; sourceTree = "<group>"; };
		FA645DA82E3055F30090956D /* WatchTool.app */ = {isa = PBXFileReference; explicitFileType = wrapper.application; includeInIndex = 0; path = WatchTool.app; sourceTree = BUILT_PRODUCTS_DIR; };
		FA645DAB2E3055F30090956D /* Mail_Box_NotiferApp.swift */ = {isa = PBXFileReference; lastKnownFileType = sourcecode.swift; path = Mail_Box_NotiferApp.swift; sourceTree = "<group>"; };
		FA645DAD2E3055F30090956D /* ContentView.swift */ = {isa = PBXFileReference; lastKnownFileType = sourcecode.swift; path = ContentView.swift; sourceTree = "<group>"; };
		FA645DAF2E3055F50090956D /* Assets.xcassets */ = {isa = PBXFileReference; lastKnownFileType = folder.assetcatalog; path = Assets.xcassets; sourceTree = "<group>"; };
		FA645DB22E3055F50090956D /* Preview Assets.xcassets */ = {isa = PBXFileReference; lastKnownFileType = folder.assetcatalog; path = "Preview Assets.xcassets"; sourceTree = "<group>"; };
		FA645DB82E3055F50090956D /* WatchToolTests.xctest */ = {isa = PBXFileReference; explicitFileType = wrapper.cfbundle; includeInIndex = 0; path = WatchToolTests.xctest; sourceTree = BUILT_PRODUCTS_DIR; };
		FA645DBC2E3055F50090956D /* Mail_Box_NotiferTests.swift */ = {isa = PBXFileReference; lastKnownFileType = sourcecode.swift; path = Mail_Box_NotiferTests.swift; sourceTree = "<group>"; };
		FA645DC22E3055F60090956D /* WatchToolUITests.xctest */ = {isa = PBXFileReference; explicitFileType = wrapper.cfbundle; includeInIndex = 0; path = WatchToolUITests.xctest; sourceTree = BUILT_PRODUCTS_DIR; };
		FA645DC62E3055F60090956D /* Mail_Box_NotiferUITests.swift */ = {isa = PBXFileReference; lastKnownFileType = sourcecode.swift; path = Mail_Box_NotiferUITests.swift; sourceTree = "<group>"; };
		FA645DC82E3055F60090956D /* Mail_Box_NotiferUITestsLaunchTests.swift */ = {isa = PBXFileReference; lastKnownFileType = sourcecode.swift; path = Mail_Box_NotiferUITestsLaunchTests.swift; sourceTree = "<group>"; };
		FACC462D2E3071AD005A3704 /* Mail-Box-Notifer-Info.plist */ = {isa = PBXFileReference; lastKnownFileType = text.plist; path = "Mail-Box-Notifer-Info.plist"; sourceTree = SOURCE_ROOT; };
		FACC462E2E3076A3005A3704 /* AppDelegate.swift */ = {isa = PBXFileReference; lastKnownFileType = sourcecode.swift; path = AppDelegate.swift; sourceTree = "<group>"; };
/* End PBXFileReference section */

/* Begin PBXFrameworksBuildPhase section */
		FA645DA52E3055F30090956D /* Frameworks */ = {
			isa = PBXFrameworksBuildPhase;
			buildActionMask = 2147483647;
			files = (
				FA645DDB2E3057E30090956D /* FirebaseMessaging in Frameworks */,
				5E02A7382EE4D35600F527FB /* FirebaseStorage in Frameworks */,
				5EB35F012F2429040002AC93 /* FirebaseFunctions in Frameworks */,
				5E0B34B82F31580B001F7169 /* WebRTC in Frameworks */,
				FA645DD72E3057E30090956D /* FirebaseAuth in Frameworks */,
				FA645DD92E3057E30090956D /* FirebaseFirestore in Frameworks */,
				5E63FECD2F2E8257003DAEF8 /* Lottie in Frameworks */,
			);
			runOnlyForDeploymentPostprocessing = 0;
		};
		FA645DB52E3055F50090956D /* Frameworks */ = {
			isa = PBXFrameworksBuildPhase;
			buildActionMask = 2147483647;
			files = (
			);
			runOnlyForDeploymentPostprocessing = 0;
		};
		FA645DBF2E3055F60090956D /* Frameworks */ = {
			isa = PBXFrameworksBuildPhase;
			buildActionMask = 2147483647;
			files = (
			);
			runOnlyForDeploymentPostprocessing = 0;
		};
/* End PBXFrameworksBuildPhase section */

/* Begin PBXGroup section */
		5E02A7362EE4D35600F527FB /* Frameworks */ = {
			isa = PBXGroup;
			children = (
			);
			name = Frameworks;
			sourceTree = "<group>";
		};
		FA645D9F2E3055F30090956D = {
			isa = PBXGroup;
			children = (
				5E212F3D2EC14EDF00EF5D90 /* GoogleService-Info.plist */,
				FA645DAA2E3055F30090956D /* Mail Box Notifer */,
				FA645DBB2E3055F50090956D /* Mail Box NotiferTests */,
				FA645DC52E3055F60090956D /* Mail Box NotiferUITests */,
				5E02A7362EE4D35600F527FB /* Frameworks */,
				FA645DA92E3055F30090956D /* Products */,
			);
			sourceTree = "<group>";
		};
		FA645DA92E3055F30090956D /* Products */ = {
			isa = PBXGroup;
			children = (
				FA645DA82E3055F30090956D /* WatchTool.app */,
				FA645DB82E3055F50090956D /* WatchToolTests.xctest */,
				FA645DC22E3055F60090956D /* WatchToolUITests.xctest */,
			);
			name = Products;
			sourceTree = "<group>";
		};
		FA645DAA2E3055F30090956D /* Mail Box Notifer */ = {
			isa = PBXGroup;
			children = (
				5EDEA5BA2F37C7AC003A8888 /* CameraTask2.swift */,
				5EDEA5B82F37B8E6003A8888 /* RateUs.swift */,
				5E50DFA42F351B9300577C6A /* Logger.swift */,
				5E9409232F340F360080F47A /* CompactNavigationLink.swift */,
				5E0B34BB2F319DE8001F7169 /* DeviceIdentity.swift */,
				5E0B34B92F316589001F7169 /* AppNavigationContainer.swift */,
				5E63FECA2F2E8196003DAEF8 /* LottieLoaderView.swift */,
				5E63FEC32F2E6559003DAEF8 /* CameraTask.swift */,
				5E6250712F29A31B0070C94B /* LightChangeTask.swift */,
				5E62506F2F298A560070C94B /* LevelTask.swift */,
				5EB35EFE2F2420C70002AC93 /* PowerTask.swift */,
				5EB35EFC2F24205E0002AC93 /* VibeTask.swift */,
				5E129B1A2F21BC4200509148 /* TaskDetailView.swift */,
				5E3552BC2F2FAB9B005FD8BC /* loadingLogo 2.json */,
				5E129B182F21BBDC00509148 /* NotificationService.swift */,
				5E129B122F21AFE100509148 /* MeTab.swift */,
				5E129B0E2F21AEDF00509148 /* TasksTab.swift */,
				5E3552C02F2FC2AF005FD8BC /* logo.png */,
				5E129B0C2F21AC9D00509148 /* AppUI.swift */,
				5E129B0A2F21AC3A00509148 /* HomeTab.swift */,
				FACC462D2E3071AD005A3704 /* Mail-Box-Notifer-Info.plist */,
				5EE514262F1F32EE00BC8C80 /* SoundTask.swift */,
				FA40CD192E306B1700A9E809 /* Mail Box Notifer.entitlements */,
				FA645DAB2E3055F30090956D /* Mail_Box_NotiferApp.swift */,
				FA645DAD2E3055F30090956D /* ContentView.swift */,
				5E129B102F21AFCB00509148 /* DevicesView.swift */,
				5E129B142F21B07900509148 /* MoreTab.swift */,
				FA645DAF2E3055F50090956D /* Assets.xcassets */,
				FA645DB12E3055F50090956D /* Preview Content */,
				FACC462E2E3076A3005A3704 /* AppDelegate.swift */,
			);
			path = "Mail Box Notifer";
			sourceTree = "<group>";
		};
		FA645DB12E3055F50090956D /* Preview Content */ = {
			isa = PBXGroup;
			children = (
				FA645DB22E3055F50090956D /* Preview Assets.xcassets */,
			);
			path = "Preview Content";
			sourceTree = "<group>";
		};
		FA645DBB2E3055F50090956D /* Mail Box NotiferTests */ = {
			isa = PBXGroup;
			children = (
				FA645DBC2E3055F50090956D /* Mail_Box_NotiferTests.swift */,
			);
			path = "Mail Box NotiferTests";
			sourceTree = "<group>";
		};
		FA645DC52E3055F60090956D /* Mail Box NotiferUITests */ = {
			isa = PBXGroup;
			children = (
				FA645DC62E3055F60090956D /* Mail_Box_NotiferUITests.swift */,
				FA645DC82E3055F60090956D /* Mail_Box_NotiferUITestsLaunchTests.swift */,
			);
			path = "Mail Box NotiferUITests";
			sourceTree = "<group>";
		};
/* End PBXGroup section */

/* Begin PBXNativeTarget section */
		FA645DA72E3055F30090956D /* WatchTool */ = {
			isa = PBXNativeTarget;
			buildConfigurationList = FA645DCC2E3055F60090956D /* Build configuration list for PBXNativeTarget "WatchTool" */;
			buildPhases = (
				FA645DA42E3055F30090956D /* Sources */,
				FA645DA52E3055F30090956D /* Frameworks */,
				FA645DA62E3055F30090956D /* Resources */,
				5E63FED12F2E8257003DAEF8 /* Embed Frameworks */,
			);
			buildRules = (
			);
			dependencies = (
			);
			name = WatchTool;
			packageProductDependencies = (
				FA645DD62E3057E30090956D /* FirebaseAuth */,
				FA645DD82E3057E30090956D /* FirebaseFirestore */,
				FA645DDA2E3057E30090956D /* FirebaseMessaging */,
				5E02A7372EE4D35600F527FB /* FirebaseStorage */,
				5EB35F002F2429040002AC93 /* FirebaseFunctions */,
				5E63FECC2F2E8257003DAEF8 /* Lottie */,
				5E0B34B72F31580B001F7169 /* WebRTC */,
			);
			productName = "Mail Box Notifer";
			productReference = FA645DA82E3055F30090956D /* WatchTool.app */;
			productType = "com.apple.product-type.application";
		};
		FA645DB72E3055F50090956D /* WatchToolTests */ = {
			isa = PBXNativeTarget;
			buildConfigurationList = FA645DCF2E3055F60090956D /* Build configuration list for PBXNativeTarget "WatchToolTests" */;
			buildPhases = (
				FA645DB42E3055F50090956D /* Sources */,
				FA645DB52E3055F50090956D /* Frameworks */,
				FA645DB62E3055F50090956D /* Resources */,
			);
			buildRules = (
			);
			dependencies = (
				FA645DBA2E3055F50090956D /* PBXTargetDependency */,
			);
			name = WatchToolTests;
			productName = "Mail Box NotiferTests";
			productReference = FA645DB82E3055F50090956D /* WatchToolTests.xctest */;
			productType = "com.apple.product-type.bundle.unit-test";
		};
		FA645DC12E3055F60090956D /* WatchToolUITests */ = {
			isa = PBXNativeTarget;
			buildConfigurationList = FA645DD22E3055F60090956D /* Build configuration list for PBXNativeTarget "WatchToolUITests" */;
			buildPhases = (
				FA645DBE2E3055F60090956D /* Sources */,
				FA645DBF2E3055F60090956D /* Frameworks */,
				FA645DC02E3055F60090956D /* Resources */,
			);
			buildRules = (
			);
			dependencies = (
				FA645DC42E3055F60090956D /* PBXTargetDependency */,
			);
			name = WatchToolUITests;
			productName = "Mail Box NotiferUITests";
			productReference = FA645DC22E3055F60090956D /* WatchToolUITests.xctest */;
			productType = "com.apple.product-type.bundle.ui-testing";
		};
/* End PBXNativeTarget section */

/* Begin PBXProject section */
		FA645DA02E3055F30090956D /* Project object */ = {
			isa = PBXProject;
			attributes = {
				BuildIndependentTargetsInParallel = 1;
				LastSwiftUpdateCheck = 1410;
				LastUpgradeCheck = 1410;
				TargetAttributes = {
					FA645DA72E3055F30090956D = {
						CreatedOnToolsVersion = 14.1;
					};
					FA645DB72E3055F50090956D = {
						CreatedOnToolsVersion = 14.1;
						TestTargetID = FA645DA72E3055F30090956D;
					};
					FA645DC12E3055F60090956D = {
						CreatedOnToolsVersion = 14.1;
						TestTargetID = FA645DA72E3055F30090956D;
					};
				};
			};
			buildConfigurationList = FA645DA32E3055F30090956D /* Build configuration list for PBXProject "Mail Box Notifer" */;
			compatibilityVersion = "Xcode 14.0";
			developmentRegion = en;
			hasScannedForEncodings = 0;
			knownRegions = (
				en,
				Base,
			);
			mainGroup = FA645D9F2E3055F30090956D;
			packageReferences = (
				FA645DD52E3057E30090956D /* XCRemoteSwiftPackageReference "firebase-ios-sdk" */,
				5E63FEC52F2E8086003DAEF8 /* XCRemoteSwiftPackageReference "lottie-ios" */,
				5E0B34B62F31580B001F7169 /* XCRemoteSwiftPackageReference "WebRTC" */,
			);
			productRefGroup = FA645DA92E3055F30090956D /* Products */;
			projectDirPath = "";
			projectRoot = "";
			targets = (
				FA645DA72E3055F30090956D /* WatchTool */,
				FA645DB72E3055F50090956D /* WatchToolTests */,
				FA645DC12E3055F60090956D /* WatchToolUITests */,
			);
		};
/* End PBXProject section */

/* Begin PBXResourcesBuildPhase section */
		FA645DA62E3055F30090956D /* Resources */ = {
			isa = PBXResourcesBuildPhase;
			buildActionMask = 2147483647;
			files = (
				FA645DB32E3055F50090956D /* Preview Assets.xcassets in Resources */,
				FA645DB02E3055F50090956D /* Assets.xcassets in Resources */,
				5E212F3E2EC14EDF00EF5D90 /* GoogleService-Info.plist in Resources */,
				5E3552BD2F2FAB9B005FD8BC /* loadingLogo 2.json in Resources */,
				5E3552C12F2FC2AF005FD8BC /* logo.png in Resources */,
			);
			runOnlyForDeploymentPostprocessing = 0;
		};
		FA645DB62E3055F50090956D /* Resources */ = {
			isa = PBXResourcesBuildPhase;
			buildActionMask = 2147483647;
			files = (
			);
			runOnlyForDeploymentPostprocessing = 0;
		};
		FA645DC02E3055F60090956D /* Resources */ = {
			isa = PBXResourcesBuildPhase;
			buildActionMask = 2147483647;
			files = (
			);
			runOnlyForDeploymentPostprocessing = 0;
		};
/* End PBXResourcesBuildPhase section */

/* Begin PBXSourcesBuildPhase section */
		FA645DA42E3055F30090956D /* Sources */ = {
			isa = PBXSourcesBuildPhase;
			buildActionMask = 2147483647;
			files = (
				5E63FECB2F2E819C003DAEF8 /* LottieLoaderView.swift in Sources */,
				5EDEA5B92F37B8EB003A8888 /* RateUs.swift in Sources */,
				5EDEA5BB2F37C7B6003A8888 /* CameraTask2.swift in Sources */,
				5E50DFA52F351B9600577C6A /* Logger.swift in Sources */,
				FACC462F2E3076A4005A3704 /* AppDelegate.swift in Sources */,
				5E6250722F29A3270070C94B /* LightChangeTask.swift in Sources */,
				5E129B192F21BBEB00509148 /* NotificationService.swift in Sources */,
				5E129B0D2F21ACA100509148 /* AppUI.swift in Sources */,
				5E129B112F21AFD600509148 /* DevicesView.swift in Sources */,
				5EB35EFF2F2420CD0002AC93 /* PowerTask.swift in Sources */,
				FA645DAE2E3055F30090956D /* ContentView.swift in Sources */,
				5E0B34BA2F316590001F7169 /* AppNavigationContainer.swift in Sources */,
				5E129B0F2F21AEE800509148 /* TasksTab.swift in Sources */,
				FA645DAC2E3055F30090956D /* Mail_Box_NotiferApp.swift in Sources */,
				5E6250702F298A5D0070C94B /* LevelTask.swift in Sources */,
				5E129B152F21B07E00509148 /* MoreTab.swift in Sources */,
				5E0B34BC2F319DED001F7169 /* DeviceIdentity.swift in Sources */,
				5E129B1B2F21BC4900509148 /* TaskDetailView.swift in Sources */,
				5E129B0B2F21AC4400509148 /* HomeTab.swift in Sources */,
				5E63FEC42F2E655E003DAEF8 /* CameraTask.swift in Sources */,
				5E9409242F340F430080F47A /* CompactNavigationLink.swift in Sources */,
				5EB35EFD2F2420630002AC93 /* VibeTask.swift in Sources */,
				5E129B132F21AFE800509148 /* MeTab.swift in Sources */,
				5EE514282F1F32EE00BC8C80 /* SoundTask.swift in Sources */,
			);
			runOnlyForDeploymentPostprocessing = 0;
		};
		FA645DB42E3055F50090956D /* Sources */ = {
			isa = PBXSourcesBuildPhase;
			buildActionMask = 2147483647;
			files = (
				FA645DBD2E3055F50090956D /* Mail_Box_NotiferTests.swift in Sources */,
			);
			runOnlyForDeploymentPostprocessing = 0;
		};
		FA645DBE2E3055F60090956D /* Sources */ = {
			isa = PBXSourcesBuildPhase;
			buildActionMask = 2147483647;
			files = (
				FA645DC72E3055F60090956D /* Mail_Box_NotiferUITests.swift in Sources */,
				FA645DC92E3055F60090956D /* Mail_Box_NotiferUITestsLaunchTests.swift in Sources */,
			);
			runOnlyForDeploymentPostprocessing = 0;
		};
/* End PBXSourcesBuildPhase section */

/* Begin PBXTargetDependency section */
		FA645DBA2E3055F50090956D /* PBXTargetDependency */ = {
			isa = PBXTargetDependency;
			target = FA645DA72E3055F30090956D /* WatchTool */;
			targetProxy = FA645DB92E3055F50090956D /* PBXContainerItemProxy */;
		};
		FA645DC42E3055F60090956D /* PBXTargetDependency */ = {
			isa = PBXTargetDependency;
			target = FA645DA72E3055F30090956D /* WatchTool */;
			targetProxy = FA645DC32E3055F60090956D /* PBXContainerItemProxy */;
		};
/* End PBXTargetDependency section */

/* Begin XCBuildConfiguration section */
		FA645DCA2E3055F60090956D /* Debug */ = {
			isa = XCBuildConfiguration;
			buildSettings = {
				ALWAYS_SEARCH_USER_PATHS = NO;
				CLANG_ANALYZER_NONNULL = YES;
				CLANG_ANALYZER_NUMBER_OBJECT_CONVERSION = YES_AGGRESSIVE;
				CLANG_CXX_LANGUAGE_STANDARD = "gnu++20";
				CLANG_ENABLE_MODULES = YES;
				CLANG_ENABLE_OBJC_ARC = YES;
				CLANG_ENABLE_OBJC_WEAK = YES;
				CLANG_WARN_BLOCK_CAPTURE_AUTORELEASING = YES;
				CLANG_WARN_BOOL_CONVERSION = YES;
				CLANG_WARN_COMMA = YES;
				CLANG_WARN_CONSTANT_CONVERSION = YES;
				CLANG_WARN_DEPRECATED_OBJC_IMPLEMENTATIONS = YES;
				CLANG_WARN_DIRECT_OBJC_ISA_USAGE = YES_ERROR;
				CLANG_WARN_DOCUMENTATION_COMMENTS = YES;
				CLANG_WARN_EMPTY_BODY = YES;
				CLANG_WARN_ENUM_CONVERSION = YES;
				CLANG_WARN_INFINITE_RECURSION = YES;
				CLANG_WARN_INT_CONVERSION = YES;
				CLANG_WARN_NON_LITERAL_NULL_CONVERSION = YES;
				CLANG_WARN_OBJC_IMPLICIT_RETAIN_SELF = YES;
				CLANG_WARN_OBJC_LITERAL_CONVERSION = YES;
				CLANG_WARN_OBJC_ROOT_CLASS = YES_ERROR;
				CLANG_WARN_QUOTED_INCLUDE_IN_FRAMEWORK_HEADER = YES;
				CLANG_WARN_RANGE_LOOP_ANALYSIS = YES;
				CLANG_WARN_STRICT_PROTOTYPES = YES;
				CLANG_WARN_SUSPICIOUS_MOVE = YES;
				CLANG_WARN_UNGUARDED_AVAILABILITY = YES_AGGRESSIVE;
				CLANG_WARN_UNREACHABLE_CODE = YES;
				CLANG_WARN__DUPLICATE_METHOD_MATCH = YES;
				COPY_PHASE_STRIP = NO;
				DEBUG_INFORMATION_FORMAT = dwarf;
				ENABLE_STRICT_OBJC_MSGSEND = YES;
				ENABLE_TESTABILITY = YES;
				GCC_C_LANGUAGE_STANDARD = gnu11;
				GCC_DYNAMIC_NO_PIC = NO;
				GCC_NO_COMMON_BLOCKS = YES;
				GCC_OPTIMIZATION_LEVEL = 0;
				GCC_PREPROCESSOR_DEFINITIONS = (
					"DEBUG=1",
					"$(inherited)",
				);
				GCC_WARN_64_TO_32_BIT_CONVERSION = YES;
				GCC_WARN_ABOUT_RETURN_TYPE = YES_ERROR;
				GCC_WARN_UNDECLARED_SELECTOR = YES;
				GCC_WARN_UNINITIALIZED_AUTOS = YES_AGGRESSIVE;
				GCC_WARN_UNUSED_FUNCTION = YES;
				GCC_WARN_UNUSED_VARIABLE = YES;
				IPHONEOS_DEPLOYMENT_TARGET = 16.0;
				MTL_ENABLE_DEBUG_INFO = INCLUDE_SOURCE;
				MTL_FAST_MATH = YES;
				ONLY_ACTIVE_ARCH = YES;
				SDKROOT = iphoneos;
				SWIFT_ACTIVE_COMPILATION_CONDITIONS = DEBUG;
				SWIFT_OPTIMIZATION_LEVEL = "-Onone";
			};
			name = Debug;
		};
		FA645DCB2E3055F60090956D /* Release */ = {
			isa = XCBuildConfiguration;
			buildSettings = {
				ALWAYS_SEARCH_USER_PATHS = NO;
				CLANG_ANALYZER_NONNULL = YES;
				CLANG_ANALYZER_NUMBER_OBJECT_CONVERSION = YES_AGGRESSIVE;
				CLANG_CXX_LANGUAGE_STANDARD = "gnu++20";
				CLANG_ENABLE_MODULES = YES;
				CLANG_ENABLE_OBJC_ARC = YES;
				CLANG_ENABLE_OBJC_WEAK = YES;
				CLANG_WARN_BLOCK_CAPTURE_AUTORELEASING = YES;
				CLANG_WARN_BOOL_CONVERSION = YES;
				CLANG_WARN_COMMA = YES;
				CLANG_WARN_CONSTANT_CONVERSION = YES;
				CLANG_WARN_DEPRECATED_OBJC_IMPLEMENTATIONS = YES;
				CLANG_WARN_DIRECT_OBJC_ISA_USAGE = YES_ERROR;
				CLANG_WARN_DOCUMENTATION_COMMENTS = YES;
				CLANG_WARN_EMPTY_BODY = YES;
				CLANG_WARN_ENUM_CONVERSION = YES;
				CLANG_WARN_INFINITE_RECURSION = YES;
				CLANG_WARN_INT_CONVERSION = YES;
				CLANG_WARN_NON_LITERAL_NULL_CONVERSION = YES;
				CLANG_WARN_OBJC_IMPLICIT_RETAIN_SELF = YES;
				CLANG_WARN_OBJC_LITERAL_CONVERSION = YES;
				CLANG_WARN_OBJC_ROOT_CLASS = YES_ERROR;
				CLANG_WARN_QUOTED_INCLUDE_IN_FRAMEWORK_HEADER = YES;
				CLANG_WARN_RANGE_LOOP_ANALYSIS = YES;
				CLANG_WARN_STRICT_PROTOTYPES = YES;
				CLANG_WARN_SUSPICIOUS_MOVE = YES;
				CLANG_WARN_UNGUARDED_AVAILABILITY = YES_AGGRESSIVE;
				CLANG_WARN_UNREACHABLE_CODE = YES;
				CLANG_WARN__DUPLICATE_METHOD_MATCH = YES;
				COPY_PHASE_STRIP = NO;
				DEBUG_INFORMATION_FORMAT = "dwarf-with-dsym";
				ENABLE_NS_ASSERTIONS = NO;
				ENABLE_STRICT_OBJC_MSGSEND = YES;
				GCC_C_LANGUAGE_STANDARD = gnu11;
				GCC_NO_COMMON_BLOCKS = YES;
				GCC_WARN_64_TO_32_BIT_CONVERSION = YES;
				GCC_WARN_ABOUT_RETURN_TYPE = YES_ERROR;
				GCC_WARN_UNDECLARED_SELECTOR = YES;
				GCC_WARN_UNINITIALIZED_AUTOS = YES_AGGRESSIVE;
				GCC_WARN_UNUSED_FUNCTION = YES;
				GCC_WARN_UNUSED_VARIABLE = YES;
				IPHONEOS_DEPLOYMENT_TARGET = 16.0;
				MTL_ENABLE_DEBUG_INFO = NO;
				MTL_FAST_MATH = YES;
				SDKROOT = iphoneos;
				SWIFT_COMPILATION_MODE = wholemodule;
				SWIFT_OPTIMIZATION_LEVEL = "-O";
				VALIDATE_PRODUCT = YES;
			};
			name = Release;
		};
		FA645DCD2E3055F60090956D /* Debug */ = {
			isa = XCBuildConfiguration;
			buildSettings = {
				ASSETCATALOG_COMPILER_APPICON_NAME = AppIcon;
				ASSETCATALOG_COMPILER_GLOBAL_ACCENT_COLOR_NAME = AccentColor;
				CODE_SIGN_ENTITLEMENTS = "Mail Box Notifer/Mail Box Notifer.entitlements";
				CODE_SIGN_STYLE = Automatic;
				CURRENT_PROJECT_VERSION = 92;
				DEVELOPMENT_ASSET_PATHS = "\"Mail Box Notifer/Preview Content\"";
				DEVELOPMENT_TEAM = ZL6287AT9V;
				ENABLE_PREVIEWS = YES;
				GENERATE_INFOPLIST_FILE = YES;
				INFOPLIST_FILE = "Mail-Box-Notifer-Info.plist";
				INFOPLIST_KEY_CFBundleDisplayName = "WatchTool: Real-World Alerts";
				INFOPLIST_KEY_ITSAppUsesNonExemptEncryption = NO;
				INFOPLIST_KEY_NSCameraUsageDescription = "The camera is used for the \"Camera\" feature to turn your device into a security Camera.";
				INFOPLIST_KEY_NSMicrophoneUsageDescription = "We use the microphone to detect vibration and sound events on your device so it can notify you when mail or other activity is detected.";
				INFOPLIST_KEY_UIApplicationSceneManifest_Generation = YES;
				INFOPLIST_KEY_UIApplicationSupportsIndirectInputEvents = YES;
				INFOPLIST_KEY_UILaunchScreen_Generation = YES;
				INFOPLIST_KEY_UISupportedInterfaceOrientations_iPad = "UIInterfaceOrientationPortrait UIInterfaceOrientationPortraitUpsideDown UIInterfaceOrientationLandscapeLeft UIInterfaceOrientationLandscapeRight";
				INFOPLIST_KEY_UISupportedInterfaceOrientations_iPhone = "UIInterfaceOrientationPortrait UIInterfaceOrientationLandscapeLeft UIInterfaceOrientationLandscapeRight";
				IPHONEOS_DEPLOYMENT_TARGET = 16.0;
				LD_RUNPATH_SEARCH_PATHS = (
					"$(inherited)",
					"@executable_path/Frameworks",
				);
				MARKETING_VERSION = 1.0;
				PRODUCT_BUNDLE_IDENTIFIER = "Notify.Mail-Box-Notifer";
				PRODUCT_NAME = WatchTool;
				SUPPORTED_PLATFORMS = "iphoneos iphonesimulator";
				SUPPORTS_MACCATALYST = NO;
				SUPPORTS_MAC_DESIGNED_FOR_IPHONE_IPAD = NO;
				SUPPORTS_XR_DESIGNED_FOR_IPHONE_IPAD = NO;
				SWIFT_EMIT_LOC_STRINGS = YES;
				SWIFT_VERSION = 5.0;
				TARGETED_DEVICE_FAMILY = 1;
			};
			name = Debug;
		};
		FA645DCE2E3055F60090956D /* Release */ = {
			isa = XCBuildConfiguration;
			buildSettings = {
				ASSETCATALOG_COMPILER_APPICON_NAME = AppIcon;
				ASSETCATALOG_COMPILER_GLOBAL_ACCENT_COLOR_NAME = AccentColor;
				CODE_SIGN_ENTITLEMENTS = "Mail Box Notifer/Mail Box Notifer.entitlements";
				CODE_SIGN_STYLE = Automatic;
				CURRENT_PROJECT_VERSION = 92;
				DEVELOPMENT_ASSET_PATHS = "\"Mail Box Notifer/Preview Content\"";
				DEVELOPMENT_TEAM = ZL6287AT9V;
				ENABLE_PREVIEWS = YES;
				GENERATE_INFOPLIST_FILE = YES;
				INFOPLIST_FILE = "Mail-Box-Notifer-Info.plist";
				INFOPLIST_KEY_CFBundleDisplayName = "WatchTool: Real-World Alerts";
				INFOPLIST_KEY_ITSAppUsesNonExemptEncryption = NO;
				INFOPLIST_KEY_NSCameraUsageDescription = "The camera is used for the \"Camera\" feature to turn your device into a security Camera.";
				INFOPLIST_KEY_NSMicrophoneUsageDescription = "We use the microphone to detect vibration and sound events on your device so it can notify you when mail or other activity is detected.";
				INFOPLIST_KEY_UIApplicationSceneManifest_Generation = YES;
				INFOPLIST_KEY_UIApplicationSupportsIndirectInputEvents = YES;
				INFOPLIST_KEY_UILaunchScreen_Generation = YES;
				INFOPLIST_KEY_UISupportedInterfaceOrientations_iPad = "UIInterfaceOrientationPortrait UIInterfaceOrientationPortraitUpsideDown UIInterfaceOrientationLandscapeLeft UIInterfaceOrientationLandscapeRight";
				INFOPLIST_KEY_UISupportedInterfaceOrientations_iPhone = "UIInterfaceOrientationPortrait UIInterfaceOrientationLandscapeLeft UIInterfaceOrientationLandscapeRight";
				IPHONEOS_DEPLOYMENT_TARGET = 16.0;
				LD_RUNPATH_SEARCH_PATHS = (
					"$(inherited)",
					"@executable_path/Frameworks",
				);
				MARKETING_VERSION = 1.0;
				PRODUCT_BUNDLE_IDENTIFIER = "Notify.Mail-Box-Notifer";
				PRODUCT_NAME = WatchTool;
				SUPPORTED_PLATFORMS = "iphoneos iphonesimulator";
				SUPPORTS_MACCATALYST = NO;
				SUPPORTS_MAC_DESIGNED_FOR_IPHONE_IPAD = NO;
				SUPPORTS_XR_DESIGNED_FOR_IPHONE_IPAD = NO;
				SWIFT_EMIT_LOC_STRINGS = YES;
				SWIFT_VERSION = 5.0;
				TARGETED_DEVICE_FAMILY = 1;
			};
			name = Release;
		};
		FA645DD02E3055F60090956D /* Debug */ = {
			isa = XCBuildConfiguration;
			buildSettings = {
				ALWAYS_EMBED_SWIFT_STANDARD_LIBRARIES = YES;
				BUNDLE_LOADER = "$(TEST_HOST)";
				CODE_SIGN_STYLE = Automatic;
				CURRENT_PROJECT_VERSION = 1;
				DEVELOPMENT_TEAM = ZL6287AT9V;
				GENERATE_INFOPLIST_FILE = YES;
				INFOPLIST_KEY_NSMicrophoneUsageDescription = "We use the microphone to detect vibration and sound events on your device so it can notify you when mail or other activity is detected.";
				IPHONEOS_DEPLOYMENT_TARGET = 16.0;
				MARKETING_VERSION = 1.0;
				PRODUCT_BUNDLE_IDENTIFIER = "Notify.Mail-Box-NotiferTests";
				PRODUCT_NAME = "$(TARGET_NAME)";
				SWIFT_EMIT_LOC_STRINGS = NO;
				SWIFT_VERSION = 5.0;
				TARGETED_DEVICE_FAMILY = "1,2";
				TEST_HOST = "$(BUILT_PRODUCTS_DIR)/Mail Box Notifer.app/$(BUNDLE_EXECUTABLE_FOLDER_PATH)/Mail Box Notifer";
			};
			name = Debug;
		};
		FA645DD12E3055F60090956D /* Release */ = {
			isa = XCBuildConfiguration;
			buildSettings = {
				ALWAYS_EMBED_SWIFT_STANDARD_LIBRARIES = YES;
				BUNDLE_LOADER = "$(TEST_HOST)";
				CODE_SIGN_STYLE = Automatic;
				CURRENT_PROJECT_VERSION = 1;
				DEVELOPMENT_TEAM = ZL6287AT9V;
				GENERATE_INFOPLIST_FILE = YES;
				INFOPLIST_KEY_NSMicrophoneUsageDescription = "We use the microphone to detect vibration and sound events on your device so it can notify you when mail or other activity is detected.";
				IPHONEOS_DEPLOYMENT_TARGET = 16.0;
				MARKETING_VERSION = 1.0;
				PRODUCT_BUNDLE_IDENTIFIER = "Notify.Mail-Box-NotiferTests";
				PRODUCT_NAME = "$(TARGET_NAME)";
				SWIFT_EMIT_LOC_STRINGS = NO;
				SWIFT_VERSION = 5.0;
				TARGETED_DEVICE_FAMILY = "1,2";
				TEST_HOST = "$(BUILT_PRODUCTS_DIR)/Mail Box Notifer.app/$(BUNDLE_EXECUTABLE_FOLDER_PATH)/Mail Box Notifer";
			};
			name = Release;
		};
		FA645DD32E3055F60090956D /* Debug */ = {
			isa = XCBuildConfiguration;
			buildSettings = {
				ALWAYS_EMBED_SWIFT_STANDARD_LIBRARIES = YES;
				CODE_SIGN_STYLE = Automatic;
				CURRENT_PROJECT_VERSION = 1;
				DEVELOPMENT_TEAM = ZL6287AT9V;
				GENERATE_INFOPLIST_FILE = YES;
				INFOPLIST_KEY_NSMicrophoneUsageDescription = "We use the microphone to detect vibration and sound events on your device so it can notify you when mail or other activity is detected.";
				IPHONEOS_DEPLOYMENT_TARGET = 16.0;
				MARKETING_VERSION = 1.0;
				PRODUCT_BUNDLE_IDENTIFIER = "Notify.Mail-Box-NotiferUITests";
				PRODUCT_NAME = "$(TARGET_NAME)";
				SWIFT_EMIT_LOC_STRINGS = NO;
				SWIFT_VERSION = 5.0;
				TARGETED_DEVICE_FAMILY = "1,2";
				TEST_TARGET_NAME = "Mail Box Notifer";
			};
			name = Debug;
		};
		FA645DD42E3055F60090956D /* Release */ = {
			isa = XCBuildConfiguration;
			buildSettings = {
				ALWAYS_EMBED_SWIFT_STANDARD_LIBRARIES = YES;
				CODE_SIGN_STYLE = Automatic;
				CURRENT_PROJECT_VERSION = 1;
				DEVELOPMENT_TEAM = ZL6287AT9V;
				GENERATE_INFOPLIST_FILE = YES;
				INFOPLIST_KEY_NSMicrophoneUsageDescription = "We use the microphone to detect vibration and sound events on your device so it can notify you when mail or other activity is detected.";
				IPHONEOS_DEPLOYMENT_TARGET = 16.0;
				MARKETING_VERSION = 1.0;
				PRODUCT_BUNDLE_IDENTIFIER = "Notify.Mail-Box-NotiferUITests";
				PRODUCT_NAME = "$(TARGET_NAME)";
				SWIFT_EMIT_LOC_STRINGS = NO;
				SWIFT_VERSION = 5.0;
				TARGETED_DEVICE_FAMILY = "1,2";
				TEST_TARGET_NAME = "Mail Box Notifer";
			};
			name = Release;
		};
/* End XCBuildConfiguration section */

/* Begin XCConfigurationList section */
		FA645DA32E3055F30090956D /* Build configuration list for PBXProject "Mail Box Notifer" */ = {
			isa = XCConfigurationList;
			buildConfigurations = (
				FA645DCA2E3055F60090956D /* Debug */,
				FA645DCB2E3055F60090956D /* Release */,
			);
			defaultConfigurationIsVisible = 0;
			defaultConfigurationName = Release;
		};
		FA645DCC2E3055F60090956D /* Build configuration list for PBXNativeTarget "WatchTool" */ = {
			isa = XCConfigurationList;
			buildConfigurations = (
				FA645DCD2E3055F60090956D /* Debug */,
				FA645DCE2E3055F60090956D /* Release */,
			);
			defaultConfigurationIsVisible = 0;
			defaultConfigurationName = Release;
		};
		FA645DCF2E3055F60090956D /* Build configuration list for PBXNativeTarget "WatchToolTests" */ = {
			isa = XCConfigurationList;
			buildConfigurations = (
				FA645DD02E3055F60090956D /* Debug */,
				FA645DD12E3055F60090956D /* Release */,
			);
			defaultConfigurationIsVisible = 0;
			defaultConfigurationName = Release;
		};
		FA645DD22E3055F60090956D /* Build configuration list for PBXNativeTarget "WatchToolUITests" */ = {
			isa = XCConfigurationList;
			buildConfigurations = (
				FA645DD32E3055F60090956D /* Debug */,
				FA645DD42E3055F60090956D /* Release */,
			);
			defaultConfigurationIsVisible = 0;
			defaultConfigurationName = Release;
		};
/* End XCConfigurationList section */

/* Begin XCRemoteSwiftPackageReference section */
		5E0B34B62F31580B001F7169 /* XCRemoteSwiftPackageReference "WebRTC" */ = {
			isa = XCRemoteSwiftPackageReference;
			repositoryURL = "https://github.com/stasel/WebRTC.git";
			requirement = {
				kind = upToNextMajorVersion;
				minimumVersion = 140.0.0;
			};
		};
		5E63FEC52F2E8086003DAEF8 /* XCRemoteSwiftPackageReference "lottie-ios" */ = {
			isa = XCRemoteSwiftPackageReference;
			repositoryURL = "https://github.com/airbnb/lottie-ios";
			requirement = {
				kind = upToNextMajorVersion;
				minimumVersion = 4.6.0;
			};
		};
		FA645DD52E3057E30090956D /* XCRemoteSwiftPackageReference "firebase-ios-sdk" */ = {
			isa = XCRemoteSwiftPackageReference;
			repositoryURL = "https://github.com/firebase/firebase-ios-sdk";
			requirement = {
				kind = upToNextMajorVersion;
				minimumVersion = 10.16.0;
			};
		};
/* End XCRemoteSwiftPackageReference section */

/* Begin XCSwiftPackageProductDependency section */
		5E02A7372EE4D35600F527FB /* FirebaseStorage */ = {
			isa = XCSwiftPackageProductDependency;
			package = FA645DD52E3057E30090956D /* XCRemoteSwiftPackageReference "firebase-ios-sdk" */;
			productName = FirebaseStorage;
		};
		5E0B34B72F31580B001F7169 /* WebRTC */ = {
			isa = XCSwiftPackageProductDependency;
			package = 5E0B34B62F31580B001F7169 /* XCRemoteSwiftPackageReference "WebRTC" */;
			productName = WebRTC;
		};
		5E63FECC2F2E8257003DAEF8 /* Lottie */ = {
			isa = XCSwiftPackageProductDependency;
			package = 5E63FEC52F2E8086003DAEF8 /* XCRemoteSwiftPackageReference "lottie-ios" */;
			productName = Lottie;
		};
		5EB35F002F2429040002AC93 /* FirebaseFunctions */ = {
			isa = XCSwiftPackageProductDependency;
			package = FA645DD52E3057E30090956D /* XCRemoteSwiftPackageReference "firebase-ios-sdk" */;
			productName = FirebaseFunctions;
		};
		FA645DD62E3057E30090956D /* FirebaseAuth */ = {
			isa = XCSwiftPackageProductDependency;
			package = FA645DD52E3057E30090956D /* XCRemoteSwiftPackageReference "firebase-ios-sdk" */;
			productName = FirebaseAuth;
		};
		FA645DD82E3057E30090956D /* FirebaseFirestore */ = {
			isa = XCSwiftPackageProductDependency;
			package = FA645DD52E3057E30090956D /* XCRemoteSwiftPackageReference "firebase-ios-sdk" */;
			productName = FirebaseFirestore;
		};
		FA645DDA2E3057E30090956D /* FirebaseMessaging */ = {
			isa = XCSwiftPackageProductDependency;
			package = FA645DD52E3057E30090956D /* XCRemoteSwiftPackageReference "firebase-ios-sdk" */;
			productName = FirebaseMessaging;
		};
/* End XCSwiftPackageProductDependency section */
	};
	rootObject = FA645DA02E3055F30090956D /* Project object */;
}
